
Microsoft Visual Studio Solution File, Format Version 12.00
Project("{FAE04EC0-301F-11D3-BF4B-00C04F79EFBC}") = "PrototypePattern", "PrototypePattern.csproj", "{EEB2F30A-1169-494D-8B34-F01E549CC8AB}"
EndProject
Global
	GlobalSection(SolutionConfigurationPlatforms) = preSolution
		Debug|Any CPU = Debug|Any CPU
		Release|Any CPU = Release|Any CPU
	EndGlobalSection
	GlobalSection(ProjectConfigurationPlatforms) = postSolution
		{EEB2F30A-1169-494D-8B34-F01E549CC8AB}.Debug|Any CPU.ActiveCfg = Debug|Any CPU
		{EEB2F30A-1169-494D-8B34-F01E549CC8AB}.Debug|Any CPU.Build.0 = Debug|Any CPU
		{EEB2F30A-1169-494D-8B34-F01E549CC8AB}.Release|Any CPU.ActiveCfg = Release|Any CPU
		{EEB2F30A-1169-494D-8B34-F01E549CC8AB}.Release|Any CPU.Build.0 = Release|Any CPU
	EndGlobalSection
EndGlobal
